
Microsoft Visual Studio Solution File, Format Version 12.00
# Visual Studio Version 16
VisualStudioVersion = 16.0.29613.14
MinimumVisualStudioVersion = 10.0.40219.1
Project("{FAE04EC0-301F-11D3-BF4B-00C04F79EFBC}") = "WpfBasics", "WpfBasics.csproj", "{DC208A97-0287-496E-B79E-813526ED399F}"
EndProject
Global
	GlobalSection(SolutionConfigurationPlatforms) = preSolution
		Debug|Any CPU = Debug|Any CPU
		Release|Any CPU = Release|Any CPU
	EndGlobalSection
	GlobalSection(ProjectConfigurationPlatforms) = postSolution
		{DC208A97-0287-496E-B79E-813526ED399F}.Debug|Any CPU.ActiveCfg = Debug|Any CPU
		{DC208A97-0287-496E-B79E-813526ED399F}.Debug|Any CPU.Build.0 = Debug|Any CPU
		{DC208A97-0287-496E-B79E-813526ED399F}.Release|Any CPU.ActiveCfg = Release|Any CPU
		{DC208A97-0287-496E-B79E-813526ED399F}.Release|Any CPU.Build.0 = Release|Any CPU
	EndGlobalSection
	GlobalSection(SolutionProperties) = preSolution
		HideSolutionNode = FALSE
	EndGlobalSection
	GlobalSection(ExtensibilityGlobals) = postSolution
		SolutionGuid = {608478E1-731D-4738-AF60-20F76D176678}
	EndGlobalSection
EndGlobal
